
Microsoft Visual Studio Solution File, Format Version 12.00
# Visual Studio Version 16
VisualStudioVersion = 16.0.30413.136
MinimumVisualStudioVersion = 10.0.40219.1
Project("{9A19103F-16F7-4668-BE54-9A1E7A4F7556}") = "ASCIIDecoder", "ConsoleApp1\ASCIIDecoder.csproj", "{5424C331-7345-4493-9341-E3BD8FDA2492}"
EndProject
Project("{9A19103F-16F7-4668-BE54-9A1E7A4F7556}") = "Task01", "Task01\Task01.csproj", "{81A1C2D8-FA95-492D-A23D-8067902D5E1D}"
EndProject
Project("{9A19103F-16F7-4668-BE54-9A1E7A4F7556}") = "Task02", "Task02\Task02.csproj", "{2D2DF6A1-92AB-47FB-928D-FB6BFEED8AB0}"
EndProject
Project("{9A19103F-16F7-4668-BE54-9A1E7A4F7556}") = "Task 04", "ASCIICode\Task 04.csproj", "{6F2ECB7C-A351-4E5E-BA53-F8F2FA91D348}"
EndProject
Project("{FAE04EC0-301F-11D3-BF4B-00C04F79EFBC}") = "Task05", "Task05\Task05.csproj", "{E2C1E71E-C3CE-4FF3-B640-21EDF41ABE73}"
EndProject
Global
	GlobalSection(SolutionConfigurationPlatforms) = preSolution
		Debug|Any CPU = Debug|Any CPU
		Release|Any CPU = Release|Any CPU
	EndGlobalSection
	GlobalSection(ProjectConfigurationPlatforms) = postSolution
		{5424C331-7345-4493-9341-E3BD8FDA2492}.Debug|Any CPU.ActiveCfg = Debug|Any CPU
		{5424C331-7345-4493-9341-E3BD8FDA2492}.Debug|Any CPU.Build.0 = Debug|Any CPU
		{5424C331-7345-4493-9341-E3BD8FDA2492}.Release|Any CPU.ActiveCfg = Release|Any CPU
		{5424C331-7345-4493-9341-E3BD8FDA2492}.Release|Any CPU.Build.0 = Release|Any CPU
		{81A1C2D8-FA95-492D-A23D-8067902D5E1D}.Debug|Any CPU.ActiveCfg = Debug|Any CPU
		{81A1C2D8-FA95-492D-A23D-8067902D5E1D}.Debug|Any CPU.Build.0 = Debug|Any CPU
		{81A1C2D8-FA95-492D-A23D-8067902D5E1D}.Release|Any CPU.ActiveCfg = Release|Any CPU
		{81A1C2D8-FA95-492D-A23D-8067902D5E1D}.Release|Any CPU.Build.0 = Release|Any CPU
		{2D2DF6A1-92AB-47FB-928D-FB6BFEED8AB0}.Debug|Any CPU.ActiveCfg = Debug|Any CPU
		{2D2DF6A1-92AB-47FB-928D-FB6BFEED8AB0}.Debug|Any CPU.Build.0 = Debug|Any CPU
		{2D2DF6A1-92AB-47FB-928D-FB6BFEED8AB0}.Release|Any CPU.ActiveCfg = Release|Any CPU
		{2D2DF6A1-92AB-47FB-928D-FB6BFEED8AB0}.Release|Any CPU.Build.0 = Release|Any CPU
		{6F2ECB7C-A351-4E5E-BA53-F8F2FA91D348}.Debug|Any CPU.ActiveCfg = Debug|Any CPU
		{6F2ECB7C-A351-4E5E-BA53-F8F2FA91D348}.Debug|Any CPU.Build.0 = Debug|Any CPU
		{6F2ECB7C-A351-4E5E-BA53-F8F2FA91D348}.Release|Any CPU.ActiveCfg = Release|Any CPU
		{6F2ECB7C-A351-4E5E-BA53-F8F2FA91D348}.Release|Any CPU.Build.0 = Release|Any CPU
		{E2C1E71E-C3CE-4FF3-B640-21EDF41ABE73}.Debug|Any CPU.ActiveCfg = Debug|Any CPU
		{E2C1E71E-C3CE-4FF3-B640-21EDF41ABE73}.Debug|Any CPU.Build.0 = Debug|Any CPU
		{E2C1E71E-C3CE-4FF3-B640-21EDF41ABE73}.Release|Any CPU.ActiveCfg = Release|Any CPU
		{E2C1E71E-C3CE-4FF3-B640-21EDF41ABE73}.Release|Any CPU.Build.0 = Release|Any CPU
	EndGlobalSection
	GlobalSection(SolutionProperties) = preSolution
		HideSolutionNode = FALSE
	EndGlobalSection
	GlobalSection(ExtensibilityGlobals) = postSolution
		SolutionGuid = {B3FDFAEC-BE4F-48EC-9E19-B9571F35B6D2}
	EndGlobalSection
EndGlobal
